
Microsoft Visual Studio Solution File, Format Version 12.00
# Visual Studio Version 17
VisualStudioVersion = 17.6.33829.357
MinimumVisualStudioVersion = 10.0.40219.1
Project("{FAE04EC0-301F-11D3-BF4B-00C04F79EFBC}") = "API", "API\API.csproj", "{880EC569-CE00-45D5-8AED-95EB758AF5AA}"
EndProject
Global
	GlobalSection(SolutionConfigurationPlatforms) = preSolution
		Debug|Any CPU = Debug|Any CPU
		Release|Any CPU = Release|Any CPU
	EndGlobalSection
	GlobalSection(ProjectConfigurationPlatforms) = postSolution
		{880EC569-CE00-45D5-8AED-95EB758AF5AA}.Debug|Any CPU.ActiveCfg = Debug|Any CPU
		{880EC569-CE00-45D5-8AED-95EB758AF5AA}.Debug|Any CPU.Build.0 = Debug|Any CPU
		{880EC569-CE00-45D5-8AED-95EB758AF5AA}.Release|Any CPU.ActiveCfg = Release|Any CPU
		{880EC569-CE00-45D5-8AED-95EB758AF5AA}.Release|Any CPU.Build.0 = Release|Any CPU
	EndGlobalSection
	GlobalSection(SolutionProperties) = preSolution
		HideSolutionNode = FALSE
	EndGlobalSection
	GlobalSection(ExtensibilityGlobals) = postSolution
		SolutionGuid = {533DB022-7987-44DE-A4C0-12D1B1E4DB28}
	EndGlobalSection
EndGlobal
